
Microsoft Visual Studio Solution File, Format Version 11.00
# Visual Studio 2010
Project("{FAE04EC0-301F-11D3-BF4B-00C04F79EFBC}") = "www", "RootSync\www.csproj", "{5B79C957-13E3-4602-BCD2-C06088D4D894}"
EndProject
Project("{FAE04EC0-301F-11D3-BF4B-00C04F79EFBC}") = "www.Core", "RootSync.Core\www.Core.csproj", "{749CB505-5184-4AFD-8039-5F4AF66839C5}"
EndProject
Global
	GlobalSection(SolutionConfigurationPlatforms) = preSolution
		Debug|Any CPU = Debug|Any CPU
		Release|Any CPU = Release|Any CPU
	EndGlobalSection
	GlobalSection(ProjectConfigurationPlatforms) = postSolution
		{5B79C957-13E3-4602-BCD2-C06088D4D894}.Debug|Any CPU.ActiveCfg = Debug|Any CPU
		{5B79C957-13E3-4602-BCD2-C06088D4D894}.Debug|Any CPU.Build.0 = Debug|Any CPU
		{5B79C957-13E3-4602-BCD2-C06088D4D894}.Release|Any CPU.ActiveCfg = Release|Any CPU
		{5B79C957-13E3-4602-BCD2-C06088D4D894}.Release|Any CPU.Build.0 = Release|Any CPU
		{749CB505-5184-4AFD-8039-5F4AF66839C5}.Debug|Any CPU.ActiveCfg = Debug|Any CPU
		{749CB505-5184-4AFD-8039-5F4AF66839C5}.Debug|Any CPU.Build.0 = Debug|Any CPU
		{749CB505-5184-4AFD-8039-5F4AF66839C5}.Release|Any CPU.ActiveCfg = Release|Any CPU
		{749CB505-5184-4AFD-8039-5F4AF66839C5}.Release|Any CPU.Build.0 = Release|Any CPU
	EndGlobalSection
	GlobalSection(SolutionProperties) = preSolution
		HideSolutionNode = FALSE
	EndGlobalSection
EndGlobal
